
Microsoft Visual Studio Solution File, Format Version 12.00
# Visual Studio 15
VisualStudioVersion = 15.0.27703.2018
MinimumVisualStudioVersion = 10.0.40219.1
Project("{FAE04EC0-301F-11D3-BF4B-00C04F79EFBC}") = "Friendbase", "Friendbase\Friendbase.csproj", "{73C7DF1A-A0A0-428A-8CAE-B69E488F0812}"
EndProject
Global
	GlobalSection(SolutionConfigurationPlatforms) = preSolution
		Debug|Any CPU = Debug|Any CPU
		Release|Any CPU = Release|Any CPU
	EndGlobalSection
	GlobalSection(ProjectConfigurationPlatforms) = postSolution
		{73C7DF1A-A0A0-428A-8CAE-B69E488F0812}.Debug|Any CPU.ActiveCfg = Debug|Any CPU
		{73C7DF1A-A0A0-428A-8CAE-B69E488F0812}.Debug|Any CPU.Build.0 = Debug|Any CPU
		{73C7DF1A-A0A0-428A-8CAE-B69E488F0812}.Release|Any CPU.ActiveCfg = Release|Any CPU
		{73C7DF1A-A0A0-428A-8CAE-B69E488F0812}.Release|Any CPU.Build.0 = Release|Any CPU
	EndGlobalSection
	GlobalSection(SolutionProperties) = preSolution
		HideSolutionNode = FALSE
	EndGlobalSection
	GlobalSection(ExtensibilityGlobals) = postSolution
		SolutionGuid = {CBC5C47E-727A-4CBA-8CD9-F920126FE463}
	EndGlobalSection
EndGlobal
